# THIS IS AN AUTOGENERATED FILE. DO NOT EDIT THIS FILE DIRECTLY.
# yarn lockfile v1


dinero.js@^1.9.1:
  version "1.9.1"
  resolved "https://registry.yarnpkg.com/dinero.js/-/dinero.js-1.9.1.tgz#64b10ce7277a07805dac9c8cd6500e9b7d0aee96"
  integrity sha512-1HXiF2vv3ZeRQ23yr+9lFxj/PbZqutuYWJnE0qfCB9xYBPnuaJ8lXtli1cJM0TvUXW1JTOaePldmqN5JVNxKSA==
